<?xml version="1.0" encoding="UTF-8" standalone="yes" ?>
<CodeBlocks_project_file>
	<FileVersion major="1" minor="6" />
	<Project>
		<Option title="TCLB" />
		<Option pch_mode="2" />
		<Option compiler="gcc" />
		<Build>
			<Target title="Release">
				<Option output="bin/Release/TCLB" prefix_auto="1" extension_auto="1" />
				<Option object_output="obj/Release/" />
				<Option type="1" />
				<Option compiler="gcc" />
				<Compiler>
					<Add option="-O2" />
				</Compiler>
				<Linker>
					<Add option="-s" />
				</Linker>
			</Target>
		</Build>
		<Compiler>
			<Add option="-Wall" />
			<Add option="-fexceptions" />
		</Compiler>
		<Unit filename="CLB/config.h" />
		<Unit filename="CLB/d2q9/Consts.h" />
		<Unit filename="CLB/d2q9/Dynamics.c">
			<Option compilerVar="CC" />
		</Unit>
		<Unit filename="CLB/d2q9/Dynamics.h" />
		<Unit filename="CLB/d2q9/Dynamics_sp.c">
			<Option compilerVar="CC" />
		</Unit>
		<Unit filename="CLB/d2q9/Geometry.cpp" />
		<Unit filename="CLB/d2q9/Geometry.h" />
		<Unit filename="CLB/d2q9/Global.cpp" />
		<Unit filename="CLB/d2q9/Global.h" />
		<Unit filename="CLB/d2q9/Handlers.cpp" />
		<Unit filename="CLB/d2q9/Handlers.h" />
		<Unit filename="CLB/d2q9/Lattice.cu" />
		<Unit filename="CLB/d2q9/Lattice.h" />
		<Unit filename="CLB/d2q9/LatticeAccess.cu" />
		<Unit filename="CLB/d2q9/LatticeContainer.cu" />
		<Unit filename="CLB/d2q9/LatticeContainer.h" />
		<Unit filename="CLB/d2q9/Region.h" />
		<Unit filename="CLB/d2q9/Solver.cpp" />
		<Unit filename="CLB/d2q9/Solver.h" />
		<Unit filename="CLB/d2q9/cross.cu" />
		<Unit filename="CLB/d2q9/cross.h" />
		<Unit filename="CLB/d2q9/cuda.cu" />
		<Unit filename="CLB/d2q9/def.cpp" />
		<Unit filename="CLB/d2q9/def.h" />
		<Unit filename="CLB/d2q9/gl_helper.h" />
		<Unit filename="CLB/d2q9/gpu_anim.h" />
		<Unit filename="CLB/d2q9/inter.cpp" />
		<Unit filename="CLB/d2q9/main.cpp" />
		<Unit filename="CLB/d2q9/pugiconfig.hpp" />
		<Unit filename="CLB/d2q9/pugixml.cpp" />
		<Unit filename="CLB/d2q9/pugixml.hpp" />
		<Unit filename="CLB/d2q9/types.h" />
		<Unit filename="CLB/d2q9/unit.cpp" />
		<Unit filename="CLB/d2q9/unit.h" />
		<Unit filename="CLB/d2q9/utils.h" />
		<Unit filename="CLB/d2q9/vtkLattice.cpp" />
		<Unit filename="CLB/d2q9/vtkLattice.h" />
		<Unit filename="CLB/d2q9/vtkOutput.cpp" />
		<Unit filename="CLB/d2q9/vtkOutput.h" />
		<Unit filename="CLB/d2q9_lee/Consts.h" />
		<Unit filename="CLB/d2q9_lee/Dynamics.c">
			<Option compilerVar="CC" />
		</Unit>
		<Unit filename="CLB/d2q9_lee/Dynamics.h" />
		<Unit filename="CLB/d2q9_lee/Dynamics_sp.c">
			<Option compilerVar="CC" />
		</Unit>
		<Unit filename="CLB/d2q9_lee/Geometry.cpp" />
		<Unit filename="CLB/d2q9_lee/Geometry.h" />
		<Unit filename="CLB/d2q9_lee/Global.cpp" />
		<Unit filename="CLB/d2q9_lee/Global.h" />
		<Unit filename="CLB/d2q9_lee/Handlers.cpp" />
		<Unit filename="CLB/d2q9_lee/Handlers.h" />
		<Unit filename="CLB/d2q9_lee/Lattice.cu" />
		<Unit filename="CLB/d2q9_lee/Lattice.h" />
		<Unit filename="CLB/d2q9_lee/LatticeAccess.cu" />
		<Unit filename="CLB/d2q9_lee/LatticeContainer.cu" />
		<Unit filename="CLB/d2q9_lee/LatticeContainer.h" />
		<Unit filename="CLB/d2q9_lee/Region.h" />
		<Unit filename="CLB/d2q9_lee/Solver.cpp" />
		<Unit filename="CLB/d2q9_lee/Solver.h" />
		<Unit filename="CLB/d2q9_lee/cross.cu" />
		<Unit filename="CLB/d2q9_lee/cross.h" />
		<Unit filename="CLB/d2q9_lee/cuda.cu" />
		<Unit filename="CLB/d2q9_lee/def.cpp" />
		<Unit filename="CLB/d2q9_lee/def.h" />
		<Unit filename="CLB/d2q9_lee/gl_helper.h" />
		<Unit filename="CLB/d2q9_lee/gpu_anim.h" />
		<Unit filename="CLB/d2q9_lee/inter.cpp" />
		<Unit filename="CLB/d2q9_lee/main.cpp" />
		<Unit filename="CLB/d2q9_lee/pugiconfig.hpp" />
		<Unit filename="CLB/d2q9_lee/pugixml.cpp" />
		<Unit filename="CLB/d2q9_lee/pugixml.hpp" />
		<Unit filename="CLB/d2q9_lee/types.h" />
		<Unit filename="CLB/d2q9_lee/unit.cpp" />
		<Unit filename="CLB/d2q9_lee/unit.h" />
		<Unit filename="CLB/d2q9_lee/utils.h" />
		<Unit filename="CLB/d2q9_lee/vtkLattice.cpp" />
		<Unit filename="CLB/d2q9_lee/vtkLattice.h" />
		<Unit filename="CLB/d2q9_lee/vtkOutput.cpp" />
		<Unit filename="CLB/d2q9_lee/vtkOutput.h" />
		<Unit filename="CLB/dictionary.h" />
		<Unit filename="CLB/tools/install-sh" />
		<Unit filename="CLB/tools/mdate-sh" />
		<Unit filename="main.cpp" />
		<Unit filename="src/ADTools.cu" />
		<Unit filename="src/ADpre.h.Rt" />
		<Unit filename="src/ADpre_b.h.Rt" />
		<Unit filename="src/ADset.sh.Rt" />
		<Unit filename="src/Consts.h.Rt" />
		<Unit filename="src/Dynamics.h.Rt" />
		<Unit filename="src/Geometry.cpp.Rt" />
		<Unit filename="src/Geometry.h" />
		<Unit filename="src/Global.cpp.Rt" />
		<Unit filename="src/Global.h.Rt" />
		<Unit filename="src/Handlers.cpp.Rt" />
		<Unit filename="src/Handlers.h" />
		<Unit filename="src/Lattice.cu.Rt" />
		<Unit filename="src/Lattice.h.Rt" />
		<Unit filename="src/LatticeAccess.cu.Rt" />
		<Unit filename="src/LatticeContainer.cu.Rt" />
		<Unit filename="src/LatticeContainer.h.Rt" />
		<Unit filename="src/Makefile.in.Rt" />
		<Unit filename="src/Region.h" />
		<Unit filename="src/SUMMARY.Rt" />
		<Unit filename="src/Solver.cpp.Rt" />
		<Unit filename="src/Solver.h.Rt" />
		<Unit filename="src/conf.R" />
		<Unit filename="src/configure.ac" />
		<Unit filename="src/cross.cu" />
		<Unit filename="src/cross.h" />
		<Unit filename="src/cuda.cu.Rt" />
		<Unit filename="src/d2q9/Dynamics.R" />
		<Unit filename="src/d2q9/Dynamics.c.Rt" />
		<Unit filename="src/d2q9_adj/Dynamics.R" />
		<Unit filename="src/d2q9_adj/Dynamics.c.Rt" />
		<Unit filename="src/d2q9_adj/Dynamics_adj.c.Rt" />
		<Unit filename="src/d2q9_diff/Dynamics.R" />
		<Unit filename="src/d2q9_diff/Dynamics.c.Rt" />
		<Unit filename="src/d2q9_diff/Dynamics_adj.c.Rt" />
		<Unit filename="src/d2q9_heat/Dynamics.R" />
		<Unit filename="src/d2q9_heat/Dynamics.c.Rt" />
		<Unit filename="src/d2q9_heat_adj/Dynamics.R" />
		<Unit filename="src/d2q9_heat_adj/Dynamics.c.Rt" />
		<Unit filename="src/d2q9_heat_adj/Dynamics_adj.c.Rt" />
		<Unit filename="src/d2q9_kuper/Dynamics.R" />
		<Unit filename="src/d2q9_kuper/Dynamics.c.Rt" />
		<Unit filename="src/d2q9_kuper/eq.R" />
		<Unit filename="src/d2q9_kuper_adj/Dynamics.R" />
		<Unit filename="src/d2q9_kuper_adj/Dynamics.c.Rt" />
		<Unit filename="src/d2q9_kuper_adj/Dynamics_adj.c.Rt" />
		<Unit filename="src/d2q9_kuper_adj/eq.R" />
		<Unit filename="src/d2q9_kuper_new/Dynamics.R" />
		<Unit filename="src/d2q9_kuper_new/Dynamics.c.Rt" />
		<Unit filename="src/d2q9_lee/Dynamics.R" />
		<Unit filename="src/d2q9_lee/Dynamics.c.Rt" />
		<Unit filename="src/d2q9_les/Dynamics.R" />
		<Unit filename="src/d2q9_les/Dynamics.c.Rt" />
		<Unit filename="src/d2q9_les/Dynamics_adj.c.Rt" />
		<Unit filename="src/d3q19/Dynamics.R" />
		<Unit filename="src/d3q19/Dynamics.c.Rt" />
		<Unit filename="src/d3q19/Dynamics_adj.c.Rt" />
		<Unit filename="src/d3q19_adj/Dynamics.R" />
		<Unit filename="src/d3q19_adj/Dynamics.c.Rt" />
		<Unit filename="src/d3q19_adj/Dynamics_adj.c.Rt" />
		<Unit filename="src/d3q19_heat/Dynamics.R" />
		<Unit filename="src/d3q19_heat/Dynamics.c.Rt" />
		<Unit filename="src/d3q19_heat_adj/Dynamics.R" />
		<Unit filename="src/d3q19_heat_adj/Dynamics.c.Rt" />
		<Unit filename="src/d3q19_heat_adj/Dynamics_adj.c.Rt" />
		<Unit filename="src/d3q19_heat_adj_prop/Dynamics.R" />
		<Unit filename="src/d3q19_heat_adj_prop/Dynamics.c.Rt" />
		<Unit filename="src/d3q19_heat_adj_prop/Dynamics_adj.c.Rt" />
		<Unit filename="src/d3q19_les/Dynamics.R" />
		<Unit filename="src/d3q19_les/Dynamics.c.Rt" />
		<Unit filename="src/d3q19_les/Dynamics_adj.c.Rt" />
		<Unit filename="src/def.cpp.Rt" />
		<Unit filename="src/def.h" />
		<Unit filename="src/dictionary.h.Rt" />
		<Unit filename="src/gl_helper.h" />
		<Unit filename="src/gpu_anim.h" />
		<Unit filename="src/inter.cpp" />
		<Unit filename="src/main.R" />
		<Unit filename="src/main.cpp.Rt" />
		<Unit filename="src/makefile.Rt" />
		<Unit filename="src/makefile.main.Rt" />
		<Unit filename="src/pugiconfig.hpp" />
		<Unit filename="src/pugixml.cpp" />
		<Unit filename="src/pugixml.hpp" />
		<Unit filename="src/sw/Dynamics.R" />
		<Unit filename="src/sw/Dynamics.c.Rt" />
		<Unit filename="src/sw/Dynamics_adj.c.Rt" />
		<Unit filename="src/tools/install-sh" />
		<Unit filename="src/tools/mdate-sh" />
		<Unit filename="src/types.h" />
		<Unit filename="src/unit.cpp" />
		<Unit filename="src/unit.h" />
		<Unit filename="src/utils.h" />
		<Unit filename="src/vtkLattice.cpp.Rt" />
		<Unit filename="src/vtkLattice.h" />
		<Unit filename="src/vtkOutput.cpp" />
		<Unit filename="src/vtkOutput.h" />
		<Unit filename="src/wave2d/Dynamics.R" />
		<Unit filename="src/wave2d/Dynamics.c.Rt" />
		<Unit filename="src/wave2d/Dynamics_adj.c.Rt" />
		<Unit filename="tools/ADmod.R" />
		<Unit filename="tools/RT" />
		<Unit filename="tools/bunch.R" />
		<Unit filename="tools/clear" />
		<Unit filename="tools/dep.R" />
		<Unit filename="tools/fun_v3.R" />
		<Unit filename="tools/makeData.R" />
		<Unit filename="tools/makeheaders.c">
			<Option compilerVar="CC" />
		</Unit>
		<Extensions>
			<code_completion />
			<debugger />
		</Extensions>
	</Project>
</CodeBlocks_project_file>
